{
  "nodes": {
    "darwin": {
      "inputs": {
        "nixpkgs": [
          "nixpkgs"
        ]
      },
      "locked": {
        "lastModified": 1664210064,
        "narHash": "sha256-df6nKVZe/yAhmJ9csirTPahc0dldwm3HBhCVNA6qWr0=",
        "owner": "lnl7",
        "repo": "nix-darwin",
        "rev": "02d2551c927b7d65ded1b3c7cd13da5cc7ae3fcf",
        "type": "github"
      },
      "original": {
        "owner": "lnl7",
        "repo": "nix-darwin",
        "type": "github"
      }
    },
    "nixpkgs": {
      "locked": {
        "lastModified": 1664939520,
        "narHash": "sha256-oQ68BHmWnrcMqOoGCPdI3IXdcIrsXEB6F6z0znQDLA0=",
        "owner": "nixos",
        "repo": "nixpkgs",
        "rev": "0906855159e6b788d5ab0e36cbb9adf8c4db3bcc",
        "type": "github"
      },
      "original": {
        "owner": "nixos",
        "repo": "nixpkgs",
        "type": "github"
      }
    },
    "root": {
      "inputs": {
        "darwin": "darwin",
        "nixpkgs": "nixpkgs"
      }
    }
  },
  "root": "root",
  "version": 7
}
