{
  "nodes": {
    "darwin": {
      "inputs": {
        "nixpkgs": [
          "darwin-nixpkgs"
        ]
      },
      "locked": {
        "lastModified": 1673295039,
        "narHash": "sha256-AsdYgE8/GPwcelGgrntlijMg4t3hLFJFCRF3tL5WVjA=",
        "owner": "lnl7",
        "repo": "nix-darwin",
        "rev": "87b9d090ad39b25b2400029c64825fc2a8868943",
        "type": "github"
      },
      "original": {
        "owner": "lnl7",
        "ref": "master",
        "repo": "nix-darwin",
        "type": "github"
      }
    },
    "darwin-home-manager": {
      "inputs": {
        "nixpkgs": [
          "darwin-nixpkgs"
        ],
        "utils": "utils"
      },
      "locked": {
        "lastModified": 1675462931,
        "narHash": "sha256-JiOUSERBtA1lN/s9YTKGZoZ3XUicHDwr+C8swaPSh3M=",
        "owner": "nix-community",
        "repo": "home-manager",
        "rev": "e2c1756e3ae001ca8696912016dd31cb1503ccf3",
        "type": "github"
      },
      "original": {
        "owner": "nix-community",
        "repo": "home-manager",
        "type": "github"
      }
    },
    "darwin-nixpkgs": {
      "locked": {
        "lastModified": 1675410244,
        "narHash": "sha256-ODj6egMoH/HgAF/0wIy0EfRBeUx5FMuLl6uAdUW3kCI=",
        "owner": "nixos",
        "repo": "nixpkgs",
        "rev": "f7543a7539a007e9562e4d8d24e17a4bcf369b68",
        "type": "github"
      },
      "original": {
        "owner": "nixos",
        "ref": "nixpkgs-22.11-darwin",
        "repo": "nixpkgs",
        "type": "github"
      }
    },
    "darwin-nixpkgs-updated": {
      "locked": {
        "lastModified": 1703499205,
        "narHash": "sha256-lF9rK5mSUfIZJgZxC3ge40tp1gmyyOXZ+lRY3P8bfbg=",
        "owner": "nixos",
        "repo": "nixpkgs",
        "rev": "e1fa12d4f6c6fe19ccb59cac54b5b3f25e160870",
        "type": "github"
      },
      "original": {
        "owner": "nixos",
        "ref": "nixpkgs-unstable",
        "repo": "nixpkgs",
        "type": "github"
      }
    },
    "home-manager": {
      "inputs": {
        "nixpkgs": [
          "nixpkgs"
        ]
      },
      "locked": {
        "lastModified": 1695738267,
        "narHash": "sha256-LTNAbTQ96xSj17xBfsFrFS9i56U2BMLpD0BduhrsVkU=",
        "owner": "nix-community",
        "repo": "home-manager",
        "rev": "0f4e5b4999fd6a42ece5da8a3a2439a50e48e486",
        "type": "github"
      },
      "original": {
        "owner": "nix-community",
        "repo": "home-manager",
        "type": "github"
      }
    },
    "nixpkgs": {
      "locked": {
        "lastModified": 1675362331,
        "narHash": "sha256-VmcnKPj5gJLxWK7Bxlhg2LoQvhKRss7Ax+uoFjd3qKY=",
        "owner": "nixos",
        "repo": "nixpkgs",
        "rev": "a100acd7bbf105915b0004427802286c37738fef",
        "type": "github"
      },
      "original": {
        "owner": "nixos",
        "ref": "nixos-unstable",
        "repo": "nixpkgs",
        "type": "github"
      }
    },
    "nixpkgs-updated": {
      "locked": {
        "lastModified": 1703438236,
        "narHash": "sha256-aqVBq1u09yFhL7bj1/xyUeJjzr92fXVvQSSEx6AdB1M=",
        "owner": "nixos",
        "repo": "nixpkgs",
        "rev": "5f64a12a728902226210bf01d25ec6cbb9d9265b",
        "type": "github"
      },
      "original": {
        "owner": "nixos",
        "ref": "nixos-unstable",
        "repo": "nixpkgs",
        "type": "github"
      }
    },
    "root": {
      "inputs": {
        "darwin": "darwin",
        "darwin-home-manager": "darwin-home-manager",
        "darwin-nixpkgs": "darwin-nixpkgs",
        "darwin-nixpkgs-updated": "darwin-nixpkgs-updated",
        "home-manager": "home-manager",
        "nixpkgs": "nixpkgs",
        "nixpkgs-updated": "nixpkgs-updated"
      }
    },
    "utils": {
      "locked": {
        "lastModified": 1667395993,
        "narHash": "sha256-nuEHfE/LcWyuSWnS8t12N1wc105Qtau+/OdUAjtQ0rA=",
        "owner": "numtide",
        "repo": "flake-utils",
        "rev": "5aed5285a952e0b949eb3ba02c12fa4fcfef535f",
        "type": "github"
      },
      "original": {
        "owner": "numtide",
        "repo": "flake-utils",
        "type": "github"
      }
    }
  },
  "root": "root",
  "version": 7
}
