# This file was autogenerated by Stack.
# You should not edit this file by hand.
# For more information, please see the documentation at:
#   https://docs.haskellstack.org/en/stable/lock_files

snapshots:
- original: lts-14.27
  completed:
    sha256: 7ea31a280c56bf36ff591a7397cc384d0dff622e7f9e4225b47d8980f019a0f0
    url: https://raw.githubusercontent.com/commercialhaskell/stackage-snapshots/master/lts/14/27.yaml
    size: 524996
packages:
- original:
    git: https://github.com/keera-studios/IfElse
    commit: c4f00bb455fbdc826d9da12cb44aefc7a4df2a4e
  completed:
    pantry-tree:
      sha256: 62ceb651fae495cdcf0ebc613ef0bcfeb2a80181ae72e08e47562de48542afa9
      size: 363
    version: '0.85'
    git: https://github.com/keera-studios/IfElse
    name: IfElse
    commit: c4f00bb455fbdc826d9da12cb44aefc7a4df2a4e
