# This file was autogenerated by Stack.
# You should not edit this file by hand.
# For more information, please see the documentation at:
#   https://docs.haskellstack.org/en/stable/lock_files

snapshots:
- original: lts-14.27
  completed:
    sha256: 7ea31a280c56bf36ff591a7397cc384d0dff622e7f9e4225b47d8980f019a0f0
    url: https://raw.githubusercontent.com/commercialhaskell/stackage-snapshots/master/lts/14/27.yaml
    size: 524996
packages:
- original:
    hackage: type-errors-0.1.0.0
  completed:
    pantry-tree:
      sha256: 33b87852ddb04a8cb34cb32c4a8a8cfb91e4af5dcaa22b2c8c557f70af378d8b
      size: 366
    hackage: type-errors-0.1.0.0@sha256:ceec9156f366b061d3dbda37230ef5ddc176e28dbf029b72cab5934a5b65e669,1908
- original:
    hackage: first-class-families-0.5.0.0
  completed:
    pantry-tree:
      sha256: 9289ea3bef39f4aae774cfe466810ee55989b1ef58de33a7c9668df8b0657b1d
      size: 847
    hackage: first-class-families-0.5.0.0@sha256:6e1488c502d5b1e780739a53edab65a307c6bf94d4232fab70e696e87f0fa087,1290
